
Microsoft Visual Studio Solution File, Format Version 12.00
# Visual Studio Version 17
VisualStudioVersion = 17.14.36121.58 d17.14
MinimumVisualStudioVersion = 10.0.40219.1
Project("{FAE04EC0-301F-11D3-BF4B-00C04F79EFBC}") = "MenteSaudavelAPI", "MenteSaudavelAPI\MenteSaudavelAPI.csproj", "{A8454590-703E-4C90-8228-723270CD5C01}"
EndProject
Global
	GlobalSection(SolutionConfigurationPlatforms) = preSolution
		Debug|Any CPU = Debug|Any CPU
		Release|Any CPU = Release|Any CPU
	EndGlobalSection
	GlobalSection(ProjectConfigurationPlatforms) = postSolution
		{A8454590-703E-4C90-8228-723270CD5C01}.Debug|Any CPU.ActiveCfg = Debug|Any CPU
		{A8454590-703E-4C90-8228-723270CD5C01}.Debug|Any CPU.Build.0 = Debug|Any CPU
		{A8454590-703E-4C90-8228-723270CD5C01}.Release|Any CPU.ActiveCfg = Release|Any CPU
		{A8454590-703E-4C90-8228-723270CD5C01}.Release|Any CPU.Build.0 = Release|Any CPU
	EndGlobalSection
	GlobalSection(SolutionProperties) = preSolution
		HideSolutionNode = FALSE
	EndGlobalSection
	GlobalSection(ExtensibilityGlobals) = postSolution
		SolutionGuid = {EBF45286-7415-414C-ABB5-26BECF6523FE}
	EndGlobalSection
EndGlobal
